Microsoft Visual Studio Solution File, Format Version 12.00
# Visual Studio 15
VisualStudioVersion = 15.0.26114.2
MinimumVisualStudioVersion = 10.0.40219.1
Project("{2150E333-8FDC-42A3-9474-1A3956D46DE8}") = "Solution", "Solution", "{04DC58CE-98CC-4B50-ABFE-F7CC430214EA}"
	ProjectSection(SolutionItems) = preProject
		.gitignore = .gitignore
		LICENSE = LICENSE
		README.md = README.md
	EndProjectSection
EndProject
Project("{2150E333-8FDC-42A3-9474-1A3956D46DE8}") = "test", "test", "{2812B094-14CA-4639-BCD1-627AB1F2D143}"
EndProject
Project("{2150E333-8FDC-42A3-9474-1A3956D46DE8}") = "src", "src", "{92C43A55-E62D-4E0B-A2EC-C7762A426CD7}"
EndProject
Project("{9A19103F-16F7-4668-BE54-9A1E7A4F7556}") = "SemanticVersioning", "src\SemanticVersioning\SemanticVersioning.csproj", "{F72D0BFF-AE07-47BE-B486-BAAA37FC3BA1}"
EndProject
Project("{9A19103F-16F7-4668-BE54-9A1E7A4F7556}") = "SemanticVersioning.Tests", "test\SemanticVersioning.Tests\SemanticVersioning.Tests.csproj", "{01655192-DCD1-4C4F-A3C4-BA0275185544}"
EndProject
Global
	GlobalSection(SolutionConfigurationPlatforms) = preSolution
		Debug|Any CPU = Debug|Any CPU
		Debug|x64 = Debug|x64
		Debug|x86 = Debug|x86
		Release|Any CPU = Release|Any CPU
		Release|x64 = Release|x64
		Release|x86 = Release|x86
	EndGlobalSection
	GlobalSection(ProjectConfigurationPlatforms) = postSolution
		{F72D0BFF-AE07-47BE-B486-BAAA37FC3BA1}.Debug|Any CPU.ActiveCfg = Debug|Any CPU
		{F72D0BFF-AE07-47BE-B486-BAAA37FC3BA1}.Debug|Any CPU.Build.0 = Debug|Any CPU
		{F72D0BFF-AE07-47BE-B486-BAAA37FC3BA1}.Debug|x64.ActiveCfg = Debug|Any CPU
		{F72D0BFF-AE07-47BE-B486-BAAA37FC3BA1}.Debug|x64.Build.0 = Debug|Any CPU
		{F72D0BFF-AE07-47BE-B486-BAAA37FC3BA1}.Debug|x86.ActiveCfg = Debug|Any CPU
		{F72D0BFF-AE07-47BE-B486-BAAA37FC3BA1}.Debug|x86.Build.0 = Debug|Any CPU
		{F72D0BFF-AE07-47BE-B486-BAAA37FC3BA1}.Release|Any CPU.ActiveCfg = Release|Any CPU
		{F72D0BFF-AE07-47BE-B486-BAAA37FC3BA1}.Release|Any CPU.Build.0 = Release|Any CPU
		{F72D0BFF-AE07-47BE-B486-BAAA37FC3BA1}.Release|x64.ActiveCfg = Release|Any CPU
		{F72D0BFF-AE07-47BE-B486-BAAA37FC3BA1}.Release|x64.Build.0 = Release|Any CPU
		{F72D0BFF-AE07-47BE-B486-BAAA37FC3BA1}.Release|x86.ActiveCfg = Release|Any CPU
		{F72D0BFF-AE07-47BE-B486-BAAA37FC3BA1}.Release|x86.Build.0 = Release|Any CPU
		{01655192-DCD1-4C4F-A3C4-BA0275185544}.Debug|Any CPU.ActiveCfg = Debug|Any CPU
		{01655192-DCD1-4C4F-A3C4-BA0275185544}.Debug|Any CPU.Build.0 = Debug|Any CPU
		{01655192-DCD1-4C4F-A3C4-BA0275185544}.Debug|x64.ActiveCfg = Debug|Any CPU
		{01655192-DCD1-4C4F-A3C4-BA0275185544}.Debug|x64.Build.0 = Debug|Any CPU
		{01655192-DCD1-4C4F-A3C4-BA0275185544}.Debug|x86.ActiveCfg = Debug|Any CPU
		{01655192-DCD1-4C4F-A3C4-BA0275185544}.Debug|x86.Build.0 = Debug|Any CPU
		{01655192-DCD1-4C4F-A3C4-BA0275185544}.Release|Any CPU.ActiveCfg = Release|Any CPU
		{01655192-DCD1-4C4F-A3C4-BA0275185544}.Release|Any CPU.Build.0 = Release|Any CPU
		{01655192-DCD1-4C4F-A3C4-BA0275185544}.Release|x64.ActiveCfg = Release|Any CPU
		{01655192-DCD1-4C4F-A3C4-BA0275185544}.Release|x64.Build.0 = Release|Any CPU
		{01655192-DCD1-4C4F-A3C4-BA0275185544}.Release|x86.ActiveCfg = Release|Any CPU
		{01655192-DCD1-4C4F-A3C4-BA0275185544}.Release|x86.Build.0 = Release|Any CPU
	EndGlobalSection
	GlobalSection(SolutionProperties) = preSolution
		HideSolutionNode = FALSE
	EndGlobalSection
	GlobalSection(NestedProjects) = preSolution
		{F72D0BFF-AE07-47BE-B486-BAAA37FC3BA1} = {92C43A55-E62D-4E0B-A2EC-C7762A426CD7}
		{01655192-DCD1-4C4F-A3C4-BA0275185544} = {2812B094-14CA-4639-BCD1-627AB1F2D143}
	EndGlobalSection
	GlobalSection(ExtensibilityGlobals) = postSolution
		SolutionGuid = {67BB09FF-65F5-45FB-89BB-2ED3BBCA7D43}
	EndGlobalSection
EndGlobal
