
Microsoft Visual Studio Solution File, Format Version 12.00
# Visual Studio 14
VisualStudioVersion = 14.0.23107.0
MinimumVisualStudioVersion = 10.0.40219.1
Project("{FAE04EC0-301F-11D3-BF4B-00C04F79EFBC}") = "SemVer", "SemVer\SemVer.csproj", "{48BA8BB9-C9EB-4F93-BF1B-28E5AFEC7E55}"
EndProject
Project("{FAE04EC0-301F-11D3-BF4B-00C04F79EFBC}") = "SemVer.Tests", "SemVer.Tests\SemVer.Tests.csproj", "{73B7E730-8AA2-4B8E-A2DD-DBE5853F1D6E}"
EndProject
Project("{2150E333-8FDC-42A3-9474-1A3956D46DE8}") = "Solution", "Solution", "{04DC58CE-98CC-4B50-ABFE-F7CC430214EA}"
	ProjectSection(SolutionItems) = preProject
		.gitignore = .gitignore
		.travis.yml = .travis.yml
		LICENSE = LICENSE
		README.md = README.md
	EndProjectSection
EndProject
Project("{2150E333-8FDC-42A3-9474-1A3956D46DE8}") = "Deploy", "Deploy", "{DA33A57C-1FB3-4CDC-AAD2-13E3378AB75A}"
	ProjectSection(SolutionItems) = preProject
		SemVer.nuspec = SemVer.nuspec
	EndProjectSection
EndProject
Global
	GlobalSection(SolutionConfigurationPlatforms) = preSolution
		Debug|Any CPU = Debug|Any CPU
		Release|Any CPU = Release|Any CPU
	EndGlobalSection
	GlobalSection(ProjectConfigurationPlatforms) = postSolution
		{48BA8BB9-C9EB-4F93-BF1B-28E5AFEC7E55}.Debug|Any CPU.ActiveCfg = Debug|Any CPU
		{48BA8BB9-C9EB-4F93-BF1B-28E5AFEC7E55}.Debug|Any CPU.Build.0 = Debug|Any CPU
		{48BA8BB9-C9EB-4F93-BF1B-28E5AFEC7E55}.Release|Any CPU.ActiveCfg = Release|Any CPU
		{48BA8BB9-C9EB-4F93-BF1B-28E5AFEC7E55}.Release|Any CPU.Build.0 = Release|Any CPU
		{73B7E730-8AA2-4B8E-A2DD-DBE5853F1D6E}.Debug|Any CPU.ActiveCfg = Debug|Any CPU
		{73B7E730-8AA2-4B8E-A2DD-DBE5853F1D6E}.Debug|Any CPU.Build.0 = Debug|Any CPU
		{73B7E730-8AA2-4B8E-A2DD-DBE5853F1D6E}.Release|Any CPU.ActiveCfg = Release|Any CPU
		{73B7E730-8AA2-4B8E-A2DD-DBE5853F1D6E}.Release|Any CPU.Build.0 = Release|Any CPU
	EndGlobalSection
	GlobalSection(SolutionProperties) = preSolution
		HideSolutionNode = FALSE
	EndGlobalSection
	GlobalSection(MonoDevelopProperties) = preSolution
		StartupItem = SemVer\SemVer.csproj
		Policies = $0
		$0.DotNetNamingPolicy = $1
		$1.DirectoryNamespaceAssociation = None
		$1.ResourceNamePolicy = FileFormatDefault
		$0.TextStylePolicy = $7
		$2.FileWidth = 120
		$2.inheritsSet = VisualStudio
		$2.inheritsScope = text/plain
		$2.scope = text/x-csharp
		$0.CSharpFormattingPolicy = $3
		$3.AfterDelegateDeclarationParameterComma = True
		$3.inheritsSet = Mono
		$3.inheritsScope = text/x-csharp
		$3.scope = text/x-csharp
		$4.FileWidth = 120
		$4.inheritsSet = VisualStudio
		$4.inheritsScope = text/plain
		$4.scope = text/plain
		$5.FileWidth = 120
		$5.inheritsSet = VisualStudio
		$5.inheritsScope = text/plain
		$5.scope = application/config+xml
		$0.XmlFormattingPolicy = $8
		$6.inheritsSet = null
		$6.scope = application/config+xml
		$7.FileWidth = 120
		$7.inheritsSet = VisualStudio
		$7.inheritsScope = text/plain
		$7.scope = application/xml
		$8.inheritsSet = Mono
		$8.inheritsScope = application/xml
		$8.scope = application/xml
	EndGlobalSection
EndGlobal
