
Microsoft Visual Studio Solution File, Format Version 12.00
# Visual Studio 14
VisualStudioVersion = 14.0.25420.1
MinimumVisualStudioVersion = 10.0.40219.1
Project("{2150E333-8FDC-42A3-9474-1A3956D46DE8}") = "Solution", "Solution", "{04DC58CE-98CC-4B50-ABFE-F7CC430214EA}"
	ProjectSection(SolutionItems) = preProject
		.gitignore = .gitignore
		.travis.yml = .travis.yml
		appveyor.yml = appveyor.yml
		global.json = global.json
		LICENSE = LICENSE
		README.md = README.md
	EndProjectSection
EndProject
Project("{8BB2217D-0F2D-49D1-97BC-3654ED321F3B}") = "SemVer", "src\SemVer\SemVer.xproj", "{A3FF1B6D-68BB-4A0A-A487-858AAA8E3573}"
EndProject
Project("{8BB2217D-0F2D-49D1-97BC-3654ED321F3B}") = "SemVer.Tests", "test\SemVer.Tests\SemVer.Tests.xproj", "{31C3A95C-30B9-424F-9961-ED2CD7B483EF}"
EndProject
Project("{2150E333-8FDC-42A3-9474-1A3956D46DE8}") = "Test", "Test", "{2812B094-14CA-4639-BCD1-627AB1F2D143}"
EndProject
Project("{2150E333-8FDC-42A3-9474-1A3956D46DE8}") = "Build", "Build", "{53D398CA-9DAD-4AE8-B902-9ABA523366A2}"
	ProjectSection(SolutionItems) = preProject
		build\build.ps1 = build\build.ps1
		build\install.ps1 = build\install.ps1
		build\installDotnet.ps1 = build\installDotnet.ps1
		build\test.ps1 = build\test.ps1
	EndProjectSection
EndProject
Global
	GlobalSection(SolutionConfigurationPlatforms) = preSolution
		Debug|Any CPU = Debug|Any CPU
		Release|Any CPU = Release|Any CPU
	EndGlobalSection
	GlobalSection(ProjectConfigurationPlatforms) = postSolution
		{A3FF1B6D-68BB-4A0A-A487-858AAA8E3573}.Debug|Any CPU.ActiveCfg = Debug|Any CPU
		{A3FF1B6D-68BB-4A0A-A487-858AAA8E3573}.Debug|Any CPU.Build.0 = Debug|Any CPU
		{A3FF1B6D-68BB-4A0A-A487-858AAA8E3573}.Release|Any CPU.ActiveCfg = Release|Any CPU
		{A3FF1B6D-68BB-4A0A-A487-858AAA8E3573}.Release|Any CPU.Build.0 = Release|Any CPU
		{31C3A95C-30B9-424F-9961-ED2CD7B483EF}.Debug|Any CPU.ActiveCfg = Debug|Any CPU
		{31C3A95C-30B9-424F-9961-ED2CD7B483EF}.Debug|Any CPU.Build.0 = Debug|Any CPU
		{31C3A95C-30B9-424F-9961-ED2CD7B483EF}.Release|Any CPU.ActiveCfg = Release|Any CPU
		{31C3A95C-30B9-424F-9961-ED2CD7B483EF}.Release|Any CPU.Build.0 = Release|Any CPU
	EndGlobalSection
	GlobalSection(SolutionProperties) = preSolution
		HideSolutionNode = FALSE
	EndGlobalSection
	GlobalSection(NestedProjects) = preSolution
		{31C3A95C-30B9-424F-9961-ED2CD7B483EF} = {2812B094-14CA-4639-BCD1-627AB1F2D143}
	EndGlobalSection
	GlobalSection(MonoDevelopProperties) = preSolution
		StartupItem = SemVer\SemVer.csproj
		Policies = $0
		$0.DotNetNamingPolicy = $1
		$1.DirectoryNamespaceAssociation = None
		$1.ResourceNamePolicy = FileFormatDefault
		$0.TextStylePolicy = $7
		$2.FileWidth = 120
		$2.inheritsSet = VisualStudio
		$2.inheritsScope = text/plain
		$2.scope = text/x-csharp
		$0.CSharpFormattingPolicy = $3
		$3.AfterDelegateDeclarationParameterComma = True
		$3.inheritsSet = Mono
		$3.inheritsScope = text/x-csharp
		$3.scope = text/x-csharp
		$4.FileWidth = 120
		$4.inheritsSet = VisualStudio
		$4.inheritsScope = text/plain
		$4.scope = text/plain
		$5.FileWidth = 120
		$5.inheritsSet = VisualStudio
		$5.inheritsScope = text/plain
		$5.scope = application/config+xml
		$0.XmlFormattingPolicy = $8
		$6.inheritsSet = null
		$6.scope = application/config+xml
		$7.FileWidth = 120
		$7.inheritsSet = VisualStudio
		$7.inheritsScope = text/plain
		$7.scope = application/xml
		$8.inheritsSet = Mono
		$8.inheritsScope = application/xml
		$8.scope = application/xml
	EndGlobalSection
EndGlobal
